
Microsoft Visual Studio Solution File, Format Version 12.00
# Visual Studio Version 17
VisualStudioVersion = 17.14.36202.13
MinimumVisualStudioVersion = 10.0.40219.1
Project("{FAE04EC0-301F-11D3-BF4B-00C04F79EFBC}") = "BusinessObject", "BusinessObject\BusinessObject.csproj", "{2A3E3109-01BE-41B0-BD04-4A1C885F0B9B}"
EndProject
Project("{FAE04EC0-301F-11D3-BF4B-00C04F79EFBC}") = "DataAccessLayer", "DataAccessLayer\DataAccessLayer.csproj", "{5603B855-F2AB-49B0-A698-250FD1F21CB9}"
EndProject
Project("{FAE04EC0-301F-11D3-BF4B-00C04F79EFBC}") = "Repositories", "Repositories\Repositories.csproj", "{57AFD68D-9597-4238-ACE4-1BE888567B36}"
EndProject
Project("{FAE04EC0-301F-11D3-BF4B-00C04F79EFBC}") = "Services", "Services\Services.csproj", "{299DF889-1C2C-46DC-A262-9D6971E379CA}"
EndProject
Project("{FAE04EC0-301F-11D3-BF4B-00C04F79EFBC}") = "WPFApp", "WPFApp\WPFApp.csproj", "{7B5B5355-F5BB-4608-B179-D04FA4FAA254}"
EndProject
Global
	GlobalSection(SolutionConfigurationPlatforms) = preSolution
		Debug|Any CPU = Debug|Any CPU
		Release|Any CPU = Release|Any CPU
	EndGlobalSection
	GlobalSection(ProjectConfigurationPlatforms) = postSolution
		{2A3E3109-01BE-41B0-BD04-4A1C885F0B9B}.Debug|Any CPU.ActiveCfg = Debug|Any CPU
		{2A3E3109-01BE-41B0-BD04-4A1C885F0B9B}.Debug|Any CPU.Build.0 = Debug|Any CPU
		{2A3E3109-01BE-41B0-BD04-4A1C885F0B9B}.Release|Any CPU.ActiveCfg = Release|Any CPU
		{2A3E3109-01BE-41B0-BD04-4A1C885F0B9B}.Release|Any CPU.Build.0 = Release|Any CPU
		{5603B855-F2AB-49B0-A698-250FD1F21CB9}.Debug|Any CPU.ActiveCfg = Debug|Any CPU
		{5603B855-F2AB-49B0-A698-250FD1F21CB9}.Debug|Any CPU.Build.0 = Debug|Any CPU
		{5603B855-F2AB-49B0-A698-250FD1F21CB9}.Release|Any CPU.ActiveCfg = Release|Any CPU
		{5603B855-F2AB-49B0-A698-250FD1F21CB9}.Release|Any CPU.Build.0 = Release|Any CPU
		{57AFD68D-9597-4238-ACE4-1BE888567B36}.Debug|Any CPU.ActiveCfg = Debug|Any CPU
		{57AFD68D-9597-4238-ACE4-1BE888567B36}.Debug|Any CPU.Build.0 = Debug|Any CPU
		{57AFD68D-9597-4238-ACE4-1BE888567B36}.Release|Any CPU.ActiveCfg = Release|Any CPU
		{57AFD68D-9597-4238-ACE4-1BE888567B36}.Release|Any CPU.Build.0 = Release|Any CPU
		{299DF889-1C2C-46DC-A262-9D6971E379CA}.Debug|Any CPU.ActiveCfg = Debug|Any CPU
		{299DF889-1C2C-46DC-A262-9D6971E379CA}.Debug|Any CPU.Build.0 = Debug|Any CPU
		{299DF889-1C2C-46DC-A262-9D6971E379CA}.Release|Any CPU.ActiveCfg = Release|Any CPU
		{299DF889-1C2C-46DC-A262-9D6971E379CA}.Release|Any CPU.Build.0 = Release|Any CPU
		{7B5B5355-F5BB-4608-B179-D04FA4FAA254}.Debug|Any CPU.ActiveCfg = Debug|Any CPU
		{7B5B5355-F5BB-4608-B179-D04FA4FAA254}.Debug|Any CPU.Build.0 = Debug|Any CPU
		{7B5B5355-F5BB-4608-B179-D04FA4FAA254}.Release|Any CPU.ActiveCfg = Release|Any CPU
		{7B5B5355-F5BB-4608-B179-D04FA4FAA254}.Release|Any CPU.Build.0 = Release|Any CPU
	EndGlobalSection
	GlobalSection(SolutionProperties) = preSolution
		HideSolutionNode = FALSE
	EndGlobalSection
	GlobalSection(ExtensibilityGlobals) = postSolution
		SolutionGuid = {F8D22F4C-E367-486B-8B90-F164117D3980}
	EndGlobalSection
EndGlobal
